
Microsoft Visual Studio Solution File, Format Version 12.00
# Visual Studio Version 17
VisualStudioVersion = 17.4.33205.214
MinimumVisualStudioVersion = 10.0.40219.1
Project("{9A19103F-16F7-4668-BE54-9A1E7A4F7556}") = "BaltaOrientacaoObjetos", "BaltaOrientacaoObjetos.csproj", "{9A65AA78-E912-4C3E-940B-D044DF847D63}"
EndProject
Global
	GlobalSection(SolutionConfigurationPlatforms) = preSolution
		Debug|Any CPU = Debug|Any CPU
		Release|Any CPU = Release|Any CPU
	EndGlobalSection
	GlobalSection(ProjectConfigurationPlatforms) = postSolution
		{9A65AA78-E912-4C3E-940B-D044DF847D63}.Debug|Any CPU.ActiveCfg = Debug|Any CPU
		{9A65AA78-E912-4C3E-940B-D044DF847D63}.Debug|Any CPU.Build.0 = Debug|Any CPU
		{9A65AA78-E912-4C3E-940B-D044DF847D63}.Release|Any CPU.ActiveCfg = Release|Any CPU
		{9A65AA78-E912-4C3E-940B-D044DF847D63}.Release|Any CPU.Build.0 = Release|Any CPU
	EndGlobalSection
	GlobalSection(SolutionProperties) = preSolution
		HideSolutionNode = FALSE
	EndGlobalSection
	GlobalSection(ExtensibilityGlobals) = postSolution
		SolutionGuid = {B325C0BA-1290-4400-91A2-F8530537A79C}
	EndGlobalSection
EndGlobal
